
Microsoft Visual Studio Solution File, Format Version 12.00
# Visual Studio Version 17
VisualStudioVersion = 17.10.35027.167
MinimumVisualStudioVersion = 10.0.40219.1
Project("{2150E333-8FDC-42A3-9474-1A3956D46DE8}") = "src", "src", "{9F05975A-B97A-409E-8128-CF763E2C8AAF}"
EndProject
Project("{9A19103F-16F7-4668-BE54-9A1E7A4F7556}") = "ArsalanAssesment.Web", "ArsalanAssesment.Web\ArsalanAssesment.Web.csproj", "{90D1FCF9-5D9B-4FF2-BA78-9DFB0CC74258}"
EndProject
Project("{9A19103F-16F7-4668-BE54-9A1E7A4F7556}") = "ArsalanAssesment.UnitTesting", "ArsalanAssesment.UnitTesting\ArsalanAssesment.UnitTesting.csproj", "{4AFA3361-1218-4E42-8F51-E740A4226C47}"
EndProject
Project("{FAE04EC0-301F-11D3-BF4B-00C04F79EFBC}") = "ArsalanAssesment.App", "ArsalanAssesment.App\ArsalanAssesment.App.csproj", "{C0226451-D990-4941-8F02-9E8BCBBED69A}"
EndProject
Global
	GlobalSection(SolutionConfigurationPlatforms) = preSolution
		Debug|Any CPU = Debug|Any CPU
		Release|Any CPU = Release|Any CPU
	EndGlobalSection
	GlobalSection(ProjectConfigurationPlatforms) = postSolution
		{90D1FCF9-5D9B-4FF2-BA78-9DFB0CC74258}.Debug|Any CPU.ActiveCfg = Debug|Any CPU
		{90D1FCF9-5D9B-4FF2-BA78-9DFB0CC74258}.Debug|Any CPU.Build.0 = Debug|Any CPU
		{90D1FCF9-5D9B-4FF2-BA78-9DFB0CC74258}.Release|Any CPU.ActiveCfg = Release|Any CPU
		{90D1FCF9-5D9B-4FF2-BA78-9DFB0CC74258}.Release|Any CPU.Build.0 = Release|Any CPU
		{4AFA3361-1218-4E42-8F51-E740A4226C47}.Debug|Any CPU.ActiveCfg = Debug|Any CPU
		{4AFA3361-1218-4E42-8F51-E740A4226C47}.Debug|Any CPU.Build.0 = Debug|Any CPU
		{4AFA3361-1218-4E42-8F51-E740A4226C47}.Release|Any CPU.ActiveCfg = Release|Any CPU
		{4AFA3361-1218-4E42-8F51-E740A4226C47}.Release|Any CPU.Build.0 = Release|Any CPU
		{C0226451-D990-4941-8F02-9E8BCBBED69A}.Debug|Any CPU.ActiveCfg = Debug|Any CPU
		{C0226451-D990-4941-8F02-9E8BCBBED69A}.Debug|Any CPU.Build.0 = Debug|Any CPU
		{C0226451-D990-4941-8F02-9E8BCBBED69A}.Release|Any CPU.ActiveCfg = Release|Any CPU
		{C0226451-D990-4941-8F02-9E8BCBBED69A}.Release|Any CPU.Build.0 = Release|Any CPU
	EndGlobalSection
	GlobalSection(SolutionProperties) = preSolution
		HideSolutionNode = FALSE
	EndGlobalSection
	GlobalSection(NestedProjects) = preSolution
		{90D1FCF9-5D9B-4FF2-BA78-9DFB0CC74258} = {9F05975A-B97A-409E-8128-CF763E2C8AAF}
		{4AFA3361-1218-4E42-8F51-E740A4226C47} = {9F05975A-B97A-409E-8128-CF763E2C8AAF}
		{C0226451-D990-4941-8F02-9E8BCBBED69A} = {9F05975A-B97A-409E-8128-CF763E2C8AAF}
	EndGlobalSection
	GlobalSection(ExtensibilityGlobals) = postSolution
		SolutionGuid = {2F9153B6-0C3E-4827-9B38-1D5ECAFDF2EA}
	EndGlobalSection
EndGlobal
